// !$*UTF8*$!
{
	archiveVersion = 1;
	classes = {
	};
	objectVersion = 56;
	objects = {

/* Begin PBXBuildFile section */
		6AA12EA829BF3F8100EB0575 /* cookieclickerApp.swift in Sources */ = {isa = PBXBuildFile; fileRef = 6AA12EA729BF3F8100EB0575 /* cookieclickerApp.swift */; };
		6AA12EAA29BF3F8100EB0575 /* ContentView.swift in Sources */ = {isa = PBXBuildFile; fileRef = 6AA12EA929BF3F8100EB0575 /* ContentView.swift */; };
		6AA12EAC29BF3F8100EB0575 /* Assets.xcassets in Resources */ = {isa = PBXBuildFile; fileRef = 6AA12EAB29BF3F8100EB0575 /* Assets.xcassets */; };
		6AA12EAF29BF3F8100EB0575 /* Preview Assets.xcassets in Resources */ = {isa = PBXBuildFile; fileRef = 6AA12EAE29BF3F8100EB0575 /* Preview Assets.xcassets */; };
		6AA12EB929BF3F8200EB0575 /* cookieclickerTests.swift in Sources */ = {isa = PBXBuildFile; fileRef = 6AA12EB829BF3F8200EB0575 /* cookieclickerTests.swift */; };
		6AA12EC329BF3F8200EB0575 /* cookieclickerUITests.swift in Sources */ = {isa = PBXBuildFile; fileRef = 6AA12EC229BF3F8200EB0575 /* cookieclickerUITests.swift */; };
		6AA12EC529BF3F8200EB0575 /* cookieclickerUITestsLaunchTests.swift in Sources */ = {isa = PBXBuildFile; fileRef = 6AA12EC429BF3F8200EB0575 /* cookieclickerUITestsLaunchTests.swift */; };
		6AA12ED329BF4AAF00EB0575 /* CookieJar.swift in Sources */ = {isa = PBXBuildFile; fileRef = 6AA12ED229BF4AAF00EB0575 /* CookieJar.swift */; };
		6AA12ED529BF50A200EB0575 /* CreditsView.swift in Sources */ = {isa = PBXBuildFile; fileRef = 6AA12ED429BF50A200EB0575 /* CreditsView.swift */; };
		6AA12ED729BF587F00EB0575 /* StoreView.swift in Sources */ = {isa = PBXBuildFile; fileRef = 6AA12ED629BF587F00EB0575 /* StoreView.swift */; };
/* End PBXBuildFile section */

/* Begin PBXContainerItemProxy section */
		6AA12EB529BF3F8200EB0575 /* PBXContainerItemProxy */ = {
			isa = PBXContainerItemProxy;
			containerPortal = 6AA12E9C29BF3F8100EB0575 /* Project object */;
			proxyType = 1;
			remoteGlobalIDString = 6AA12EA329BF3F8100EB0575;
			remoteInfo = cookieclicker;
		};
		6AA12EBF29BF3F8200EB0575 /* PBXContainerItemProxy */ = {
			isa = PBXContainerItemProxy;
			containerPortal = 6AA12E9C29BF3F8100EB0575 /* Project object */;
			proxyType = 1;
			remoteGlobalIDString = 6AA12EA329BF3F8100EB0575;
			remoteInfo = cookieclicker;
		};
/* End PBXContainerItemProxy section */

/* Begin PBXFileReference section */
		6AA12EA429BF3F8100EB0575 /* cookieclicker.app */ = {isa = PBXFileReference; explicitFileType = wrapper.application; includeInIndex = 0; path = cookieclicker.app; sourceTree = BUILT_PRODUCTS_DIR; };
		6AA12EA729BF3F8100EB0575 /* cookieclickerApp.swift */ = {isa = PBXFileReference; lastKnownFileType = sourcecode.swift; path = cookieclickerApp.swift; sourceTree = "<group>"; };
		6AA12EA929BF3F8100EB0575 /* ContentView.swift */ = {isa = PBXFileReference; lastKnownFileType = sourcecode.swift; path = ContentView.swift; sourceTree = "<group>"; };
		6AA12EAB29BF3F8100EB0575 /* Assets.xcassets */ = {isa = PBXFileReference; lastKnownFileType = folder.assetcatalog; path = Assets.xcassets; sourceTree = "<group>"; };
		6AA12EAE29BF3F8100EB0575 /* Preview Assets.xcassets */ = {isa = PBXFileReference; lastKnownFileType = folder.assetcatalog; path = "Preview Assets.xcassets"; sourceTree = "<group>"; };
		6AA12EB429BF3F8200EB0575 /* cookieclickerTests.xctest */ = {isa = PBXFileReference; explicitFileType = wrapper.cfbundle; includeInIndex = 0; path = cookieclickerTests.xctest; sourceTree = BUILT_PRODUCTS_DIR; };
		6AA12EB829BF3F8200EB0575 /* cookieclickerTests.swift */ = {isa = PBXFileReference; lastKnownFileType = sourcecode.swift; path = cookieclickerTests.swift; sourceTree = "<group>"; };
		6AA12EBE29BF3F8200EB0575 /* cookieclickerUITests.xctest */ = {isa = PBXFileReference; explicitFileType = wrapper.cfbundle; includeInIndex = 0; path = cookieclickerUITests.xctest; sourceTree = BUILT_PRODUCTS_DIR; };
		6AA12EC229BF3F8200EB0575 /* cookieclickerUITests.swift */ = {isa = PBXFileReference; lastKnownFileType = sourcecode.swift; path = cookieclickerUITests.swift; sourceTree = "<group>"; };
		6AA12EC429BF3F8200EB0575 /* cookieclickerUITestsLaunchTests.swift */ = {isa = PBXFileReference; lastKnownFileType = sourcecode.swift; path = cookieclickerUITestsLaunchTests.swift; sourceTree = "<group>"; };
		6AA12ED229BF4AAF00EB0575 /* CookieJar.swift */ = {isa = PBXFileReference; lastKnownFileType = sourcecode.swift; path = CookieJar.swift; sourceTree = "<group>"; };
		6AA12ED429BF50A200EB0575 /* CreditsView.swift */ = {isa = PBXFileReference; lastKnownFileType = sourcecode.swift; path = CreditsView.swift; sourceTree = "<group>"; };
		6AA12ED629BF587F00EB0575 /* StoreView.swift */ = {isa = PBXFileReference; lastKnownFileType = sourcecode.swift; path = StoreView.swift; sourceTree = "<group>"; };
/* End PBXFileReference section */

/* Begin PBXFrameworksBuildPhase section */
		6AA12EA129BF3F8100EB0575 /* Frameworks */ = {
			isa = PBXFrameworksBuildPhase;
			buildActionMask = 2147483647;
			files = (
			);
			runOnlyForDeploymentPostprocessing = 0;
		};
		6AA12EB129BF3F8200EB0575 /* Frameworks */ = {
			isa = PBXFrameworksBuildPhase;
			buildActionMask = 2147483647;
			files = (
			);
			runOnlyForDeploymentPostprocessing = 0;
		};
		6AA12EBB29BF3F8200EB0575 /* Frameworks */ = {
			isa = PBXFrameworksBuildPhase;
			buildActionMask = 2147483647;
			files = (
			);
			runOnlyForDeploymentPostprocessing = 0;
		};
/* End PBXFrameworksBuildPhase section */

/* Begin PBXGroup section */
		6AA12E9B29BF3F8100EB0575 = {
			isa = PBXGroup;
			children = (
				6AA12EA629BF3F8100EB0575 /* cookieclicker */,
				6AA12EB729BF3F8200EB0575 /* cookieclickerTests */,
				6AA12EC129BF3F8200EB0575 /* cookieclickerUITests */,
				6AA12EA529BF3F8100EB0575 /* Products */,
			);
			sourceTree = "<group>";
		};
		6AA12EA529BF3F8100EB0575 /* Products */ = {
			isa = PBXGroup;
			children = (
				6AA12EA429BF3F8100EB0575 /* cookieclicker.app */,
				6AA12EB429BF3F8200EB0575 /* cookieclickerTests.xctest */,
				6AA12EBE29BF3F8200EB0575 /* cookieclickerUITests.xctest */,
			);
			name = Products;
			sourceTree = "<group>";
		};
		6AA12EA629BF3F8100EB0575 /* cookieclicker */ = {
			isa = PBXGroup;
			children = (
				6AA12ED129BF4A8C00EB0575 /* Model */,
				6AA12EA729BF3F8100EB0575 /* cookieclickerApp.swift */,
				6AA12EA929BF3F8100EB0575 /* ContentView.swift */,
				6AA12ED429BF50A200EB0575 /* CreditsView.swift */,
				6AA12EAB29BF3F8100EB0575 /* Assets.xcassets */,
				6AA12EAD29BF3F8100EB0575 /* Preview Content */,
				6AA12ED629BF587F00EB0575 /* StoreView.swift */,
			);
			path = cookieclicker;
			sourceTree = "<group>";
		};
		6AA12EAD29BF3F8100EB0575 /* Preview Content */ = {
			isa = PBXGroup;
			children = (
				6AA12EAE29BF3F8100EB0575 /* Preview Assets.xcassets */,
			);
			path = "Preview Content";
			sourceTree = "<group>";
		};
		6AA12EB729BF3F8200EB0575 /* cookieclickerTests */ = {
			isa = PBXGroup;
			children = (
				6AA12EB829BF3F8200EB0575 /* cookieclickerTests.swift */,
			);
			path = cookieclickerTests;
			sourceTree = "<group>";
		};
		6AA12EC129BF3F8200EB0575 /* cookieclickerUITests */ = {
			isa = PBXGroup;
			children = (
				6AA12EC229BF3F8200EB0575 /* cookieclickerUITests.swift */,
				6AA12EC429BF3F8200EB0575 /* cookieclickerUITestsLaunchTests.swift */,
			);
			path = cookieclickerUITests;
			sourceTree = "<group>";
		};
		6AA12ED129BF4A8C00EB0575 /* Model */ = {
			isa = PBXGroup;
			children = (
				6AA12ED229BF4AAF00EB0575 /* CookieJar.swift */,
			);
			path = Model;
			sourceTree = "<group>";
		};
/* End PBXGroup section */

/* Begin PBXNativeTarget section */
		6AA12EA329BF3F8100EB0575 /* cookieclicker */ = {
			isa = PBXNativeTarget;
			buildConfigurationList = 6AA12EC829BF3F8200EB0575 /* Build configuration list for PBXNativeTarget "cookieclicker" */;
			buildPhases = (
				6AA12EA029BF3F8100EB0575 /* Sources */,
				6AA12EA129BF3F8100EB0575 /* Frameworks */,
				6AA12EA229BF3F8100EB0575 /* Resources */,
			);
			buildRules = (
			);
			dependencies = (
			);
			name = cookieclicker;
			productName = cookieclicker;
			productReference = 6AA12EA429BF3F8100EB0575 /* cookieclicker.app */;
			productType = "com.apple.product-type.application";
		};
		6AA12EB329BF3F8200EB0575 /* cookieclickerTests */ = {
			isa = PBXNativeTarget;
			buildConfigurationList = 6AA12ECB29BF3F8200EB0575 /* Build configuration list for PBXNativeTarget "cookieclickerTests" */;
			buildPhases = (
				6AA12EB029BF3F8200EB0575 /* Sources */,
				6AA12EB129BF3F8200EB0575 /* Frameworks */,
				6AA12EB229BF3F8200EB0575 /* Resources */,
			);
			buildRules = (
			);
			dependencies = (
				6AA12EB629BF3F8200EB0575 /* PBXTargetDependency */,
			);
			name = cookieclickerTests;
			productName = cookieclickerTests;
			productReference = 6AA12EB429BF3F8200EB0575 /* cookieclickerTests.xctest */;
			productType = "com.apple.product-type.bundle.unit-test";
		};
		6AA12EBD29BF3F8200EB0575 /* cookieclickerUITests */ = {
			isa = PBXNativeTarget;
			buildConfigurationList = 6AA12ECE29BF3F8200EB0575 /* Build configuration list for PBXNativeTarget "cookieclickerUITests" */;
			buildPhases = (
				6AA12EBA29BF3F8200EB0575 /* Sources */,
				6AA12EBB29BF3F8200EB0575 /* Frameworks */,
				6AA12EBC29BF3F8200EB0575 /* Resources */,
			);
			buildRules = (
			);
			dependencies = (
				6AA12EC029BF3F8200EB0575 /* PBXTargetDependency */,
			);
			name = cookieclickerUITests;
			productName = cookieclickerUITests;
			productReference = 6AA12EBE29BF3F8200EB0575 /* cookieclickerUITests.xctest */;
			productType = "com.apple.product-type.bundle.ui-testing";
		};
/* End PBXNativeTarget section */

/* Begin PBXProject section */
		6AA12E9C29BF3F8100EB0575 /* Project object */ = {
			isa = PBXProject;
			attributes = {
				BuildIndependentTargetsInParallel = 1;
				LastSwiftUpdateCheck = 1420;
				LastUpgradeCheck = 1420;
				TargetAttributes = {
					6AA12EA329BF3F8100EB0575 = {
						CreatedOnToolsVersion = 14.2;
					};
					6AA12EB329BF3F8200EB0575 = {
						CreatedOnToolsVersion = 14.2;
						TestTargetID = 6AA12EA329BF3F8100EB0575;
					};
					6AA12EBD29BF3F8200EB0575 = {
						CreatedOnToolsVersion = 14.2;
						TestTargetID = 6AA12EA329BF3F8100EB0575;
					};
				};
			};
			buildConfigurationList = 6AA12E9F29BF3F8100EB0575 /* Build configuration list for PBXProject "cookieclicker" */;
			compatibilityVersion = "Xcode 14.0";
			developmentRegion = en;
			hasScannedForEncodings = 0;
			knownRegions = (
				en,
				Base,
			);
			mainGroup = 6AA12E9B29BF3F8100EB0575;
			productRefGroup = 6AA12EA529BF3F8100EB0575 /* Products */;
			projectDirPath = "";
			projectRoot = "";
			targets = (
				6AA12EA329BF3F8100EB0575 /* cookieclicker */,
				6AA12EB329BF3F8200EB0575 /* cookieclickerTests */,
				6AA12EBD29BF3F8200EB0575 /* cookieclickerUITests */,
			);
		};
/* End PBXProject section */

/* Begin PBXResourcesBuildPhase section */
		6AA12EA229BF3F8100EB0575 /* Resources */ = {
			isa = PBXResourcesBuildPhase;
			buildActionMask = 2147483647;
			files = (
				6AA12EAF29BF3F8100EB0575 /* Preview Assets.xcassets in Resources */,
				6AA12EAC29BF3F8100EB0575 /* Assets.xcassets in Resources */,
			);
			runOnlyForDeploymentPostprocessing = 0;
		};
		6AA12EB229BF3F8200EB0575 /* Resources */ = {
			isa = PBXResourcesBuildPhase;
			buildActionMask = 2147483647;
			files = (
			);
			runOnlyForDeploymentPostprocessing = 0;
		};
		6AA12EBC29BF3F8200EB0575 /* Resources */ = {
			isa = PBXResourcesBuildPhase;
			buildActionMask = 2147483647;
			files = (
			);
			runOnlyForDeploymentPostprocessing = 0;
		};
/* End PBXResourcesBuildPhase section */

/* Begin PBXSourcesBuildPhase section */
		6AA12EA029BF3F8100EB0575 /* Sources */ = {
			isa = PBXSourcesBuildPhase;
			buildActionMask = 2147483647;
			files = (
				6AA12EAA29BF3F8100EB0575 /* ContentView.swift in Sources */,
				6AA12ED529BF50A200EB0575 /* CreditsView.swift in Sources */,
				6AA12ED329BF4AAF00EB0575 /* CookieJar.swift in Sources */,
				6AA12ED729BF587F00EB0575 /* StoreView.swift in Sources */,
				6AA12EA829BF3F8100EB0575 /* cookieclickerApp.swift in Sources */,
			);
			runOnlyForDeploymentPostprocessing = 0;
		};
		6AA12EB029BF3F8200EB0575 /* Sources */ = {
			isa = PBXSourcesBuildPhase;
			buildActionMask = 2147483647;
			files = (
				6AA12EB929BF3F8200EB0575 /* cookieclickerTests.swift in Sources */,
			);
			runOnlyForDeploymentPostprocessing = 0;
		};
		6AA12EBA29BF3F8200EB0575 /* Sources */ = {
			isa = PBXSourcesBuildPhase;
			buildActionMask = 2147483647;
			files = (
				6AA12EC529BF3F8200EB0575 /* cookieclickerUITestsLaunchTests.swift in Sources */,
				6AA12EC329BF3F8200EB0575 /* cookieclickerUITests.swift in Sources */,
			);
			runOnlyForDeploymentPostprocessing = 0;
		};
/* End PBXSourcesBuildPhase section */

/* Begin PBXTargetDependency section */
		6AA12EB629BF3F8200EB0575 /* PBXTargetDependency */ = {
			isa = PBXTargetDependency;
			target = 6AA12EA329BF3F8100EB0575 /* cookieclicker */;
			targetProxy = 6AA12EB529BF3F8200EB0575 /* PBXContainerItemProxy */;
		};
		6AA12EC029BF3F8200EB0575 /* PBXTargetDependency */ = {
			isa = PBXTargetDependency;
			target = 6AA12EA329BF3F8100EB0575 /* cookieclicker */;
			targetProxy = 6AA12EBF29BF3F8200EB0575 /* PBXContainerItemProxy */;
		};
/* End PBXTargetDependency section */

/* Begin XCBuildConfiguration section */
		6AA12EC629BF3F8200EB0575 /* Debug */ = {
			isa = XCBuildConfiguration;
			buildSettings = {
				ALWAYS_SEARCH_USER_PATHS = NO;
				CLANG_ANALYZER_NONNULL = YES;
				CLANG_ANALYZER_NUMBER_OBJECT_CONVERSION = YES_AGGRESSIVE;
				CLANG_CXX_LANGUAGE_STANDARD = "gnu++20";
				CLANG_ENABLE_MODULES = YES;
				CLANG_ENABLE_OBJC_ARC = YES;
				CLANG_ENABLE_OBJC_WEAK = YES;
				CLANG_WARN_BLOCK_CAPTURE_AUTORELEASING = YES;
				CLANG_WARN_BOOL_CONVERSION = YES;
				CLANG_WARN_COMMA = YES;
				CLANG_WARN_CONSTANT_CONVERSION = YES;
				CLANG_WARN_DEPRECATED_OBJC_IMPLEMENTATIONS = YES;
				CLANG_WARN_DIRECT_OBJC_ISA_USAGE = YES_ERROR;
				CLANG_WARN_DOCUMENTATION_COMMENTS = YES;
				CLANG_WARN_EMPTY_BODY = YES;
				CLANG_WARN_ENUM_CONVERSION = YES;
				CLANG_WARN_INFINITE_RECURSION = YES;
				CLANG_WARN_INT_CONVERSION = YES;
				CLANG_WARN_NON_LITERAL_NULL_CONVERSION = YES;
				CLANG_WARN_OBJC_IMPLICIT_RETAIN_SELF = YES;
				CLANG_WARN_OBJC_LITERAL_CONVERSION = YES;
				CLANG_WARN_OBJC_ROOT_CLASS = YES_ERROR;
				CLANG_WARN_QUOTED_INCLUDE_IN_FRAMEWORK_HEADER = YES;
				CLANG_WARN_RANGE_LOOP_ANALYSIS = YES;
				CLANG_WARN_STRICT_PROTOTYPES = YES;
				CLANG_WARN_SUSPICIOUS_MOVE = YES;
				CLANG_WARN_UNGUARDED_AVAILABILITY = YES_AGGRESSIVE;
				CLANG_WARN_UNREACHABLE_CODE = YES;
				CLANG_WARN__DUPLICATE_METHOD_MATCH = YES;
				COPY_PHASE_STRIP = NO;
				DEBUG_INFORMATION_FORMAT = dwarf;
				ENABLE_STRICT_OBJC_MSGSEND = YES;
				ENABLE_TESTABILITY = YES;
				GCC_C_LANGUAGE_STANDARD = gnu11;
				GCC_DYNAMIC_NO_PIC = NO;
				GCC_NO_COMMON_BLOCKS = YES;
				GCC_OPTIMIZATION_LEVEL = 0;
				GCC_PREPROCESSOR_DEFINITIONS = (
					"DEBUG=1",
					"$(inherited)",
				);
				GCC_WARN_64_TO_32_BIT_CONVERSION = YES;
				GCC_WARN_ABOUT_RETURN_TYPE = YES_ERROR;
				GCC_WARN_UNDECLARED_SELECTOR = YES;
				GCC_WARN_UNINITIALIZED_AUTOS = YES_AGGRESSIVE;
				GCC_WARN_UNUSED_FUNCTION = YES;
				GCC_WARN_UNUSED_VARIABLE = YES;
				IPHONEOS_DEPLOYMENT_TARGET = 16.2;
				MTL_ENABLE_DEBUG_INFO = INCLUDE_SOURCE;
				MTL_FAST_MATH = YES;
				ONLY_ACTIVE_ARCH = YES;
				SDKROOT = iphoneos;
				SWIFT_ACTIVE_COMPILATION_CONDITIONS = DEBUG;
				SWIFT_OPTIMIZATION_LEVEL = "-Onone";
			};
			name = Debug;
		};
		6AA12EC729BF3F8200EB0575 /* Release */ = {
			isa = XCBuildConfiguration;
			buildSettings = {
				ALWAYS_SEARCH_USER_PATHS = NO;
				CLANG_ANALYZER_NONNULL = YES;
				CLANG_ANALYZER_NUMBER_OBJECT_CONVERSION = YES_AGGRESSIVE;
				CLANG_CXX_LANGUAGE_STANDARD = "gnu++20";
				CLANG_ENABLE_MODULES = YES;
				CLANG_ENABLE_OBJC_ARC = YES;
				CLANG_ENABLE_OBJC_WEAK = YES;
				CLANG_WARN_BLOCK_CAPTURE_AUTORELEASING = YES;
				CLANG_WARN_BOOL_CONVERSION = YES;
				CLANG_WARN_COMMA = YES;
				CLANG_WARN_CONSTANT_CONVERSION = YES;
				CLANG_WARN_DEPRECATED_OBJC_IMPLEMENTATIONS = YES;
				CLANG_WARN_DIRECT_OBJC_ISA_USAGE = YES_ERROR;
				CLANG_WARN_DOCUMENTATION_COMMENTS = YES;
				CLANG_WARN_EMPTY_BODY = YES;
				CLANG_WARN_ENUM_CONVERSION = YES;
				CLANG_WARN_INFINITE_RECURSION = YES;
				CLANG_WARN_INT_CONVERSION = YES;
				CLANG_WARN_NON_LITERAL_NULL_CONVERSION = YES;
				CLANG_WARN_OBJC_IMPLICIT_RETAIN_SELF = YES;
				CLANG_WARN_OBJC_LITERAL_CONVERSION = YES;
				CLANG_WARN_OBJC_ROOT_CLASS = YES_ERROR;
				CLANG_WARN_QUOTED_INCLUDE_IN_FRAMEWORK_HEADER = YES;
				CLANG_WARN_RANGE_LOOP_ANALYSIS = YES;
				CLANG_WARN_STRICT_PROTOTYPES = YES;
				CLANG_WARN_SUSPICIOUS_MOVE = YES;
				CLANG_WARN_UNGUARDED_AVAILABILITY = YES_AGGRESSIVE;
				CLANG_WARN_UNREACHABLE_CODE = YES;
				CLANG_WARN__DUPLICATE_METHOD_MATCH = YES;
				COPY_PHASE_STRIP = NO;
				DEBUG_INFORMATION_FORMAT = "dwarf-with-dsym";
				ENABLE_NS_ASSERTIONS = NO;
				ENABLE_STRICT_OBJC_MSGSEND = YES;
				GCC_C_LANGUAGE_STANDARD = gnu11;
				GCC_NO_COMMON_BLOCKS = YES;
				GCC_WARN_64_TO_32_BIT_CONVERSION = YES;
				GCC_WARN_ABOUT_RETURN_TYPE = YES_ERROR;
				GCC_WARN_UNDECLARED_SELECTOR = YES;
				GCC_WARN_UNINITIALIZED_AUTOS = YES_AGGRESSIVE;
				GCC_WARN_UNUSED_FUNCTION = YES;
				GCC_WARN_UNUSED_VARIABLE = YES;
				IPHONEOS_DEPLOYMENT_TARGET = 16.2;
				MTL_ENABLE_DEBUG_INFO = NO;
				MTL_FAST_MATH = YES;
				SDKROOT = iphoneos;
				SWIFT_COMPILATION_MODE = wholemodule;
				SWIFT_OPTIMIZATION_LEVEL = "-O";
				VALIDATE_PRODUCT = YES;
			};
			name = Release;
		};
		6AA12EC929BF3F8200EB0575 /* Debug */ = {
			isa = XCBuildConfiguration;
			buildSettings = {
				ASSETCATALOG_COMPILER_APPICON_NAME = AppIcon;
				ASSETCATALOG_COMPILER_GLOBAL_ACCENT_COLOR_NAME = AccentColor;
				CODE_SIGN_STYLE = Automatic;
				CURRENT_PROJECT_VERSION = 1;
				DEVELOPMENT_ASSET_PATHS = "\"cookieclicker/Preview Content\"";
				ENABLE_PREVIEWS = YES;
				GENERATE_INFOPLIST_FILE = YES;
				INFOPLIST_KEY_UIApplicationSceneManifest_Generation = YES;
				INFOPLIST_KEY_UIApplicationSupportsIndirectInputEvents = YES;
				INFOPLIST_KEY_UILaunchScreen_Generation = YES;
				INFOPLIST_KEY_UISupportedInterfaceOrientations_iPad = "UIInterfaceOrientationPortrait UIInterfaceOrientationPortraitUpsideDown UIInterfaceOrientationLandscapeLeft UIInterfaceOrientationLandscapeRight";
				INFOPLIST_KEY_UISupportedInterfaceOrientations_iPhone = "UIInterfaceOrientationPortrait UIInterfaceOrientationLandscapeLeft UIInterfaceOrientationLandscapeRight";
				LD_RUNPATH_SEARCH_PATHS = (
					"$(inherited)",
					"@executable_path/Frameworks",
				);
				MARKETING_VERSION = 1.0;
				PRODUCT_BUNDLE_IDENTIFIER = mr.cookieclicker;
				PRODUCT_NAME = "$(TARGET_NAME)";
				SWIFT_EMIT_LOC_STRINGS = YES;
				SWIFT_VERSION = 5.0;
				TARGETED_DEVICE_FAMILY = "1,2";
			};
			name = Debug;
		};
		6AA12ECA29BF3F8200EB0575 /* Release */ = {
			isa = XCBuildConfiguration;
			buildSettings = {
				ASSETCATALOG_COMPILER_APPICON_NAME = AppIcon;
				ASSETCATALOG_COMPILER_GLOBAL_ACCENT_COLOR_NAME = AccentColor;
				CODE_SIGN_STYLE = Automatic;
				CURRENT_PROJECT_VERSION = 1;
				DEVELOPMENT_ASSET_PATHS = "\"cookieclicker/Preview Content\"";
				ENABLE_PREVIEWS = YES;
				GENERATE_INFOPLIST_FILE = YES;
				INFOPLIST_KEY_UIApplicationSceneManifest_Generation = YES;
				INFOPLIST_KEY_UIApplicationSupportsIndirectInputEvents = YES;
				INFOPLIST_KEY_UILaunchScreen_Generation = YES;
				INFOPLIST_KEY_UISupportedInterfaceOrientations_iPad = "UIInterfaceOrientationPortrait UIInterfaceOrientationPortraitUpsideDown UIInterfaceOrientationLandscapeLeft UIInterfaceOrientationLandscapeRight";
				INFOPLIST_KEY_UISupportedInterfaceOrientations_iPhone = "UIInterfaceOrientationPortrait UIInterfaceOrientationLandscapeLeft UIInterfaceOrientationLandscapeRight";
				LD_RUNPATH_SEARCH_PATHS = (
					"$(inherited)",
					"@executable_path/Frameworks",
				);
				MARKETING_VERSION = 1.0;
				PRODUCT_BUNDLE_IDENTIFIER = mr.cookieclicker;
				PRODUCT_NAME = "$(TARGET_NAME)";
				SWIFT_EMIT_LOC_STRINGS = YES;
				SWIFT_VERSION = 5.0;
				TARGETED_DEVICE_FAMILY = "1,2";
			};
			name = Release;
		};
		6AA12ECC29BF3F8200EB0575 /* Debug */ = {
			isa = XCBuildConfiguration;
			buildSettings = {
				ALWAYS_EMBED_SWIFT_STANDARD_LIBRARIES = YES;
				BUNDLE_LOADER = "$(TEST_HOST)";
				CODE_SIGN_STYLE = Automatic;
				CURRENT_PROJECT_VERSION = 1;
				GENERATE_INFOPLIST_FILE = YES;
				IPHONEOS_DEPLOYMENT_TARGET = 16.2;
				MARKETING_VERSION = 1.0;
				PRODUCT_BUNDLE_IDENTIFIER = mr.cookieclickerTests;
				PRODUCT_NAME = "$(TARGET_NAME)";
				SWIFT_EMIT_LOC_STRINGS = NO;
				SWIFT_VERSION = 5.0;
				TARGETED_DEVICE_FAMILY = "1,2";
				TEST_HOST = "$(BUILT_PRODUCTS_DIR)/cookieclicker.app/$(BUNDLE_EXECUTABLE_FOLDER_PATH)/cookieclicker";
			};
			name = Debug;
		};
		6AA12ECD29BF3F8200EB0575 /* Release */ = {
			isa = XCBuildConfiguration;
			buildSettings = {
				ALWAYS_EMBED_SWIFT_STANDARD_LIBRARIES = YES;
				BUNDLE_LOADER = "$(TEST_HOST)";
				CODE_SIGN_STYLE = Automatic;
				CURRENT_PROJECT_VERSION = 1;
				GENERATE_INFOPLIST_FILE = YES;
				IPHONEOS_DEPLOYMENT_TARGET = 16.2;
				MARKETING_VERSION = 1.0;
				PRODUCT_BUNDLE_IDENTIFIER = mr.cookieclickerTests;
				PRODUCT_NAME = "$(TARGET_NAME)";
				SWIFT_EMIT_LOC_STRINGS = NO;
				SWIFT_VERSION = 5.0;
				TARGETED_DEVICE_FAMILY = "1,2";
				TEST_HOST = "$(BUILT_PRODUCTS_DIR)/cookieclicker.app/$(BUNDLE_EXECUTABLE_FOLDER_PATH)/cookieclicker";
			};
			name = Release;
		};
		6AA12ECF29BF3F8200EB0575 /* Debug */ = {
			isa = XCBuildConfiguration;
			buildSettings = {
				ALWAYS_EMBED_SWIFT_STANDARD_LIBRARIES = YES;
				CODE_SIGN_STYLE = Automatic;
				CURRENT_PROJECT_VERSION = 1;
				GENERATE_INFOPLIST_FILE = YES;
				MARKETING_VERSION = 1.0;
				PRODUCT_BUNDLE_IDENTIFIER = mr.cookieclickerUITests;
				PRODUCT_NAME = "$(TARGET_NAME)";
				SWIFT_EMIT_LOC_STRINGS = NO;
				SWIFT_VERSION = 5.0;
				TARGETED_DEVICE_FAMILY = "1,2";
				TEST_TARGET_NAME = cookieclicker;
			};
			name = Debug;
		};
		6AA12ED029BF3F8200EB0575 /* Release */ = {
			isa = XCBuildConfiguration;
			buildSettings = {
				ALWAYS_EMBED_SWIFT_STANDARD_LIBRARIES = YES;
				CODE_SIGN_STYLE = Automatic;
				CURRENT_PROJECT_VERSION = 1;
				GENERATE_INFOPLIST_FILE = YES;
				MARKETING_VERSION = 1.0;
				PRODUCT_BUNDLE_IDENTIFIER = mr.cookieclickerUITests;
				PRODUCT_NAME = "$(TARGET_NAME)";
				SWIFT_EMIT_LOC_STRINGS = NO;
				SWIFT_VERSION = 5.0;
				TARGETED_DEVICE_FAMILY = "1,2";
				TEST_TARGET_NAME = cookieclicker;
			};
			name = Release;
		};
/* End XCBuildConfiguration section */

/* Begin XCConfigurationList section */
		6AA12E9F29BF3F8100EB0575 /* Build configuration list for PBXProject "cookieclicker" */ = {
			isa = XCConfigurationList;
			buildConfigurations = (
				6AA12EC629BF3F8200EB0575 /* Debug */,
				6AA12EC729BF3F8200EB0575 /* Release */,
			);
			defaultConfigurationIsVisible = 0;
			defaultConfigurationName = Release;
		};
		6AA12EC829BF3F8200EB0575 /* Build configuration list for PBXNativeTarget "cookieclicker" */ = {
			isa = XCConfigurationList;
			buildConfigurations = (
				6AA12EC929BF3F8200EB0575 /* Debug */,
				6AA12ECA29BF3F8200EB0575 /* Release */,
			);
			defaultConfigurationIsVisible = 0;
			defaultConfigurationName = Release;
		};
		6AA12ECB29BF3F8200EB0575 /* Build configuration list for PBXNativeTarget "cookieclickerTests" */ = {
			isa = XCConfigurationList;
			buildConfigurations = (
				6AA12ECC29BF3F8200EB0575 /* Debug */,
				6AA12ECD29BF3F8200EB0575 /* Release */,
			);
			defaultConfigurationIsVisible = 0;
			defaultConfigurationName = Release;
		};
		6AA12ECE29BF3F8200EB0575 /* Build configuration list for PBXNativeTarget "cookieclickerUITests" */ = {
			isa = XCConfigurationList;
			buildConfigurations = (
				6AA12ECF29BF3F8200EB0575 /* Debug */,
				6AA12ED029BF3F8200EB0575 /* Release */,
			);
			defaultConfigurationIsVisible = 0;
			defaultConfigurationName = Release;
		};
/* End XCConfigurationList section */
	};
	rootObject = 6AA12E9C29BF3F8100EB0575 /* Project object */;
}
